
Microsoft Visual Studio Solution File, Format Version 12.00
Project("{2150E333-8FDC-42A3-9474-1A3956D46DE8}") = "src", "src", "{79A7CE78-737C-4944-A89C-F99A220DED4D}"
EndProject
Project("{2150E333-8FDC-42A3-9474-1A3956D46DE8}") = "tests", "tests", "{2D3C2270-DDDB-4AED-894F-3BED4B805F3E}"
EndProject
Project("{FAE04EC0-301F-11D3-BF4B-00C04F79EFBC}") = "DiscountSystem.API", "src\DiscountSystem.API\DiscountSystem.API.csproj", "{D846AE35-315E-41F3-87B8-C5EA72BFFB0B}"
EndProject
Project("{FAE04EC0-301F-11D3-BF4B-00C04F79EFBC}") = "DiscountSystem.Client", "src\DiscountSystem.Client\DiscountSystem.Client.csproj", "{8FBF23A4-DF31-44B2-96F2-30CAC099747E}"
EndProject
Project("{FAE04EC0-301F-11D3-BF4B-00C04F79EFBC}") = "DiscountSystem.Core", "src\DiscountSystem.Core\DiscountSystem.Core.csproj", "{1D42274C-B609-41CF-ACE4-484E9F530884}"
EndProject
Project("{FAE04EC0-301F-11D3-BF4B-00C04F79EFBC}") = "DiscountSystem.Data", "src\DiscountSystem.Data\DiscountSystem.Data.csproj", "{B00760DC-15C4-4798-A7FE-AC2E00BB2987}"
EndProject
Project("{FAE04EC0-301F-11D3-BF4B-00C04F79EFBC}") = "DiscountSystem.Services", "src\DiscountSystem.Services\DiscountSystem.Services.csproj", "{1C9DC801-CE99-4A16-9C6B-14BEBB14A418}"
EndProject
Project("{FAE04EC0-301F-11D3-BF4B-00C04F79EFBC}") = "DiscountSystem.API.Tests", "tests\DiscountSystem.API.Tests\DiscountSystem.API.Tests.csproj", "{3E31BA45-49F0-4586-B595-4D5367875A3B}"
EndProject
Project("{FAE04EC0-301F-11D3-BF4B-00C04F79EFBC}") = "DiscountSystem.Services.Tests", "tests\DiscountSystem.Services.Tests\DiscountSystem.Services.Tests.csproj", "{345AF5A5-56A3-4C32-9A22-AEEB3F407516}"
EndProject
Global
	GlobalSection(SolutionConfigurationPlatforms) = preSolution
		Debug|Any CPU = Debug|Any CPU
		Release|Any CPU = Release|Any CPU
	EndGlobalSection
	GlobalSection(ProjectConfigurationPlatforms) = postSolution
		{D846AE35-315E-41F3-87B8-C5EA72BFFB0B}.Debug|Any CPU.ActiveCfg = Debug|Any CPU
		{D846AE35-315E-41F3-87B8-C5EA72BFFB0B}.Debug|Any CPU.Build.0 = Debug|Any CPU
		{D846AE35-315E-41F3-87B8-C5EA72BFFB0B}.Release|Any CPU.ActiveCfg = Release|Any CPU
		{D846AE35-315E-41F3-87B8-C5EA72BFFB0B}.Release|Any CPU.Build.0 = Release|Any CPU
		{8FBF23A4-DF31-44B2-96F2-30CAC099747E}.Debug|Any CPU.ActiveCfg = Debug|Any CPU
		{8FBF23A4-DF31-44B2-96F2-30CAC099747E}.Debug|Any CPU.Build.0 = Debug|Any CPU
		{8FBF23A4-DF31-44B2-96F2-30CAC099747E}.Release|Any CPU.ActiveCfg = Release|Any CPU
		{8FBF23A4-DF31-44B2-96F2-30CAC099747E}.Release|Any CPU.Build.0 = Release|Any CPU
		{1D42274C-B609-41CF-ACE4-484E9F530884}.Debug|Any CPU.ActiveCfg = Debug|Any CPU
		{1D42274C-B609-41CF-ACE4-484E9F530884}.Debug|Any CPU.Build.0 = Debug|Any CPU
		{1D42274C-B609-41CF-ACE4-484E9F530884}.Release|Any CPU.ActiveCfg = Release|Any CPU
		{1D42274C-B609-41CF-ACE4-484E9F530884}.Release|Any CPU.Build.0 = Release|Any CPU
		{B00760DC-15C4-4798-A7FE-AC2E00BB2987}.Debug|Any CPU.ActiveCfg = Debug|Any CPU
		{B00760DC-15C4-4798-A7FE-AC2E00BB2987}.Debug|Any CPU.Build.0 = Debug|Any CPU
		{B00760DC-15C4-4798-A7FE-AC2E00BB2987}.Release|Any CPU.ActiveCfg = Release|Any CPU
		{B00760DC-15C4-4798-A7FE-AC2E00BB2987}.Release|Any CPU.Build.0 = Release|Any CPU
		{1C9DC801-CE99-4A16-9C6B-14BEBB14A418}.Debug|Any CPU.ActiveCfg = Debug|Any CPU
		{1C9DC801-CE99-4A16-9C6B-14BEBB14A418}.Debug|Any CPU.Build.0 = Debug|Any CPU
		{1C9DC801-CE99-4A16-9C6B-14BEBB14A418}.Release|Any CPU.ActiveCfg = Release|Any CPU
		{1C9DC801-CE99-4A16-9C6B-14BEBB14A418}.Release|Any CPU.Build.0 = Release|Any CPU
		{3E31BA45-49F0-4586-B595-4D5367875A3B}.Debug|Any CPU.ActiveCfg = Debug|Any CPU
		{3E31BA45-49F0-4586-B595-4D5367875A3B}.Debug|Any CPU.Build.0 = Debug|Any CPU
		{3E31BA45-49F0-4586-B595-4D5367875A3B}.Release|Any CPU.ActiveCfg = Release|Any CPU
		{3E31BA45-49F0-4586-B595-4D5367875A3B}.Release|Any CPU.Build.0 = Release|Any CPU
		{345AF5A5-56A3-4C32-9A22-AEEB3F407516}.Debug|Any CPU.ActiveCfg = Debug|Any CPU
		{345AF5A5-56A3-4C32-9A22-AEEB3F407516}.Debug|Any CPU.Build.0 = Debug|Any CPU
		{345AF5A5-56A3-4C32-9A22-AEEB3F407516}.Release|Any CPU.ActiveCfg = Release|Any CPU
		{345AF5A5-56A3-4C32-9A22-AEEB3F407516}.Release|Any CPU.Build.0 = Release|Any CPU
	EndGlobalSection
	GlobalSection(NestedProjects) = preSolution
		{D846AE35-315E-41F3-87B8-C5EA72BFFB0B} = {79A7CE78-737C-4944-A89C-F99A220DED4D}
		{8FBF23A4-DF31-44B2-96F2-30CAC099747E} = {79A7CE78-737C-4944-A89C-F99A220DED4D}
		{1D42274C-B609-41CF-ACE4-484E9F530884} = {79A7CE78-737C-4944-A89C-F99A220DED4D}
		{B00760DC-15C4-4798-A7FE-AC2E00BB2987} = {79A7CE78-737C-4944-A89C-F99A220DED4D}
		{1C9DC801-CE99-4A16-9C6B-14BEBB14A418} = {79A7CE78-737C-4944-A89C-F99A220DED4D}
		{3E31BA45-49F0-4586-B595-4D5367875A3B} = {2D3C2270-DDDB-4AED-894F-3BED4B805F3E}
		{345AF5A5-56A3-4C32-9A22-AEEB3F407516} = {2D3C2270-DDDB-4AED-894F-3BED4B805F3E}
	EndGlobalSection
EndGlobal
