
Microsoft Visual Studio Solution File, Format Version 12.00
Project("{FAE04EC0-301F-11D3-BF4B-00C04F79EFBC}") = "DiscountCodes", "DiscountCodes\DiscountCodes.csproj", "{FE2875E5-94A8-479C-869B-0467E874D32F}"
EndProject
Global
	GlobalSection(SolutionConfigurationPlatforms) = preSolution
		Debug|Any CPU = Debug|Any CPU
		Release|Any CPU = Release|Any CPU
	EndGlobalSection
	GlobalSection(ProjectConfigurationPlatforms) = postSolution
		{FE2875E5-94A8-479C-869B-0467E874D32F}.Debug|Any CPU.ActiveCfg = Debug|Any CPU
		{FE2875E5-94A8-479C-869B-0467E874D32F}.Debug|Any CPU.Build.0 = Debug|Any CPU
		{FE2875E5-94A8-479C-869B-0467E874D32F}.Release|Any CPU.ActiveCfg = Release|Any CPU
		{FE2875E5-94A8-479C-869B-0467E874D32F}.Release|Any CPU.Build.0 = Release|Any CPU
	EndGlobalSection
EndGlobal
